
Microsoft Visual Studio Solution File, Format Version 12.00
# Visual Studio 15
VisualStudioVersion = 15.0.27130.2024
MinimumVisualStudioVersion = 10.0.40219.1
Project("{888888A0-9F3D-457C-B088-3A5042F75D52}") = "STIGPY3", "STIGPY3\STIGPY3.pyproj", "{A5135D72-D0FB-4D8D-8283-B2486EAE4D09}"
EndProject
Global
	GlobalSection(SolutionConfigurationPlatforms) = preSolution
		Debug|Any CPU = Debug|Any CPU
		Release|Any CPU = Release|Any CPU
	EndGlobalSection
	GlobalSection(ProjectConfigurationPlatforms) = postSolution
		{A5135D72-D0FB-4D8D-8283-B2486EAE4D09}.Debug|Any CPU.ActiveCfg = Debug|Any CPU
		{A5135D72-D0FB-4D8D-8283-B2486EAE4D09}.Release|Any CPU.ActiveCfg = Release|Any CPU
	EndGlobalSection
	GlobalSection(SolutionProperties) = preSolution
		HideSolutionNode = FALSE
	EndGlobalSection
	GlobalSection(ExtensibilityGlobals) = postSolution
		SolutionGuid = {31954F24-E589-4A7E-85B8-05C94D2C6C44}
	EndGlobalSection
EndGlobal
